
Microsoft Visual Studio Solution File, Format Version 12.00
# Visual Studio Version 17
VisualStudioVersion = 17.5.2.0
MinimumVisualStudioVersion = 10.0.40219.1
Project("{FAE04EC0-301F-11D3-BF4B-00C04F79EFBC}") = "Team Thorsday", "Team Thorsday.csproj", "{E658317F-EEB7-4520-495A-58809BC229A9}"
EndProject
Project("{2150E333-8FDC-42A3-9474-1A3956D46DE8}") = "shared", "shared", "{4F52FD11-658E-A102-6CD3-7D7C16FFA15B}"
EndProject
Project("{FAE04EC0-301F-11D3-BF4B-00C04F79EFBC}") = "Shared", "shared\Shared.csproj", "{6AC89D00-C23B-4E40-B83B-36E0884B9196}"
EndProject
Project("{2150E333-8FDC-42A3-9474-1A3956D46DE8}") = "backend", "backend", "{1AE8ACA6-933B-BF2A-3671-3E2EAC007D16}"
EndProject
Project("{FAE04EC0-301F-11D3-BF4B-00C04F79EFBC}") = "Backend", "backend\Backend.csproj", "{2D3B8C45-3C00-4FF1-BF38-56D8DFAF90F0}"
EndProject
Global
	GlobalSection(SolutionConfigurationPlatforms) = preSolution
		Debug|Any CPU = Debug|Any CPU
		Debug|x64 = Debug|x64
		Debug|x86 = Debug|x86
		Release|Any CPU = Release|Any CPU
		Release|x64 = Release|x64
		Release|x86 = Release|x86
	EndGlobalSection
	GlobalSection(ProjectConfigurationPlatforms) = postSolution
		{E658317F-EEB7-4520-495A-58809BC229A9}.Debug|Any CPU.ActiveCfg = Debug|Any CPU
		{E658317F-EEB7-4520-495A-58809BC229A9}.Debug|Any CPU.Build.0 = Debug|Any CPU
		{E658317F-EEB7-4520-495A-58809BC229A9}.Debug|x64.ActiveCfg = Debug|Any CPU
		{E658317F-EEB7-4520-495A-58809BC229A9}.Debug|x64.Build.0 = Debug|Any CPU
		{E658317F-EEB7-4520-495A-58809BC229A9}.Debug|x86.ActiveCfg = Debug|Any CPU
		{E658317F-EEB7-4520-495A-58809BC229A9}.Debug|x86.Build.0 = Debug|Any CPU
		{E658317F-EEB7-4520-495A-58809BC229A9}.Release|Any CPU.ActiveCfg = Release|Any CPU
		{E658317F-EEB7-4520-495A-58809BC229A9}.Release|Any CPU.Build.0 = Release|Any CPU
		{E658317F-EEB7-4520-495A-58809BC229A9}.Release|x64.ActiveCfg = Release|Any CPU
		{E658317F-EEB7-4520-495A-58809BC229A9}.Release|x64.Build.0 = Release|Any CPU
		{E658317F-EEB7-4520-495A-58809BC229A9}.Release|x86.ActiveCfg = Release|Any CPU
		{E658317F-EEB7-4520-495A-58809BC229A9}.Release|x86.Build.0 = Release|Any CPU
		{6AC89D00-C23B-4E40-B83B-36E0884B9196}.Debug|Any CPU.ActiveCfg = Debug|Any CPU
		{6AC89D00-C23B-4E40-B83B-36E0884B9196}.Debug|Any CPU.Build.0 = Debug|Any CPU
		{6AC89D00-C23B-4E40-B83B-36E0884B9196}.Debug|x64.ActiveCfg = Debug|Any CPU
		{6AC89D00-C23B-4E40-B83B-36E0884B9196}.Debug|x64.Build.0 = Debug|Any CPU
		{6AC89D00-C23B-4E40-B83B-36E0884B9196}.Debug|x86.ActiveCfg = Debug|Any CPU
		{6AC89D00-C23B-4E40-B83B-36E0884B9196}.Debug|x86.Build.0 = Debug|Any CPU
		{6AC89D00-C23B-4E40-B83B-36E0884B9196}.Release|Any CPU.ActiveCfg = Release|Any CPU
		{6AC89D00-C23B-4E40-B83B-36E0884B9196}.Release|Any CPU.Build.0 = Release|Any CPU
		{6AC89D00-C23B-4E40-B83B-36E0884B9196}.Release|x64.ActiveCfg = Release|Any CPU
		{6AC89D00-C23B-4E40-B83B-36E0884B9196}.Release|x64.Build.0 = Release|Any CPU
		{6AC89D00-C23B-4E40-B83B-36E0884B9196}.Release|x86.ActiveCfg = Release|Any CPU
		{6AC89D00-C23B-4E40-B83B-36E0884B9196}.Release|x86.Build.0 = Release|Any CPU
		{2D3B8C45-3C00-4FF1-BF38-56D8DFAF90F0}.Debug|Any CPU.ActiveCfg = Debug|Any CPU
		{2D3B8C45-3C00-4FF1-BF38-56D8DFAF90F0}.Debug|Any CPU.Build.0 = Debug|Any CPU
		{2D3B8C45-3C00-4FF1-BF38-56D8DFAF90F0}.Debug|x64.ActiveCfg = Debug|Any CPU
		{2D3B8C45-3C00-4FF1-BF38-56D8DFAF90F0}.Debug|x64.Build.0 = Debug|Any CPU
		{2D3B8C45-3C00-4FF1-BF38-56D8DFAF90F0}.Debug|x86.ActiveCfg = Debug|Any CPU
		{2D3B8C45-3C00-4FF1-BF38-56D8DFAF90F0}.Debug|x86.Build.0 = Debug|Any CPU
		{2D3B8C45-3C00-4FF1-BF38-56D8DFAF90F0}.Release|Any CPU.ActiveCfg = Release|Any CPU
		{2D3B8C45-3C00-4FF1-BF38-56D8DFAF90F0}.Release|Any CPU.Build.0 = Release|Any CPU
		{2D3B8C45-3C00-4FF1-BF38-56D8DFAF90F0}.Release|x64.ActiveCfg = Release|Any CPU
		{2D3B8C45-3C00-4FF1-BF38-56D8DFAF90F0}.Release|x64.Build.0 = Release|Any CPU
		{2D3B8C45-3C00-4FF1-BF38-56D8DFAF90F0}.Release|x86.ActiveCfg = Release|Any CPU
		{2D3B8C45-3C00-4FF1-BF38-56D8DFAF90F0}.Release|x86.Build.0 = Release|Any CPU
	EndGlobalSection
	GlobalSection(SolutionProperties) = preSolution
		HideSolutionNode = FALSE
	EndGlobalSection
	GlobalSection(NestedProjects) = preSolution
		{6AC89D00-C23B-4E40-B83B-36E0884B9196} = {4F52FD11-658E-A102-6CD3-7D7C16FFA15B}
		{2D3B8C45-3C00-4FF1-BF38-56D8DFAF90F0} = {1AE8ACA6-933B-BF2A-3671-3E2EAC007D16}
	EndGlobalSection
	GlobalSection(ExtensibilityGlobals) = postSolution
		SolutionGuid = {15FB304B-5076-49F8-8B62-93BD8512A215}
	EndGlobalSection
EndGlobal
